
Microsoft Visual Studio Solution File, Format Version 12.00
# Visual Studio 15
VisualStudioVersion = 15.0.26906.1
MinimumVisualStudioVersion = 10.0.40219.1
Project("{FAE04EC0-301F-11D3-BF4B-00C04F79EFBC}") = "RadialProgressBar", "RadialProgressBar.csproj", "{A9FA683A-D50A-4B76-A175-0B2549B56762}"
EndProject
Global
	GlobalSection(SolutionConfigurationPlatforms) = preSolution
		Debug|Any CPU = Debug|Any CPU
		Release|Any CPU = Release|Any CPU
	EndGlobalSection
	GlobalSection(ProjectConfigurationPlatforms) = postSolution
		{A9FA683A-D50A-4B76-A175-0B2549B56762}.Debug|Any CPU.ActiveCfg = Debug|Any CPU
		{A9FA683A-D50A-4B76-A175-0B2549B56762}.Debug|Any CPU.Build.0 = Debug|Any CPU
		{A9FA683A-D50A-4B76-A175-0B2549B56762}.Release|Any CPU.ActiveCfg = Release|Any CPU
		{A9FA683A-D50A-4B76-A175-0B2549B56762}.Release|Any CPU.Build.0 = Release|Any CPU
	EndGlobalSection
	GlobalSection(SolutionProperties) = preSolution
		HideSolutionNode = FALSE
	EndGlobalSection
	GlobalSection(ExtensibilityGlobals) = postSolution
		SolutionGuid = {43343D19-5558-4E15-8BC4-5FFA26F4C26C}
	EndGlobalSection
EndGlobal
